
Microsoft Visual Studio Solution File, Format Version 12.00
# Visual Studio Version 16
VisualStudioVersion = 16.0.32602.291
MinimumVisualStudioVersion = 10.0.40219.1
Project("{FAE04EC0-301F-11D3-BF4B-00C04F79EFBC}") = "Sirrene", "Sirrene\Sirrene.csproj", "{152120D9-4EAE-4CB5-A38D-7FAEDE7070AD}"
EndProject
Global
	GlobalSection(SolutionConfigurationPlatforms) = preSolution
		Debug|Any CPU = Debug|Any CPU
		Release|Any CPU = Release|Any CPU
	EndGlobalSection
	GlobalSection(ProjectConfigurationPlatforms) = postSolution
		{152120D9-4EAE-4CB5-A38D-7FAEDE7070AD}.Debug|Any CPU.ActiveCfg = Debug|Any CPU
		{152120D9-4EAE-4CB5-A38D-7FAEDE7070AD}.Debug|Any CPU.Build.0 = Debug|Any CPU
		{152120D9-4EAE-4CB5-A38D-7FAEDE7070AD}.Release|Any CPU.ActiveCfg = Release|Any CPU
		{152120D9-4EAE-4CB5-A38D-7FAEDE7070AD}.Release|Any CPU.Build.0 = Release|Any CPU
	EndGlobalSection
	GlobalSection(SolutionProperties) = preSolution
		HideSolutionNode = FALSE
	EndGlobalSection
	GlobalSection(ExtensibilityGlobals) = postSolution
		SolutionGuid = {CDFBFCD2-CD22-4067-B8C8-44C43602D9C7}
	EndGlobalSection
EndGlobal
